{
	"name": "toolkittechtrailscom-gatsby",
	"version": "1.0.0",
	"lockfileVersion": 1,
	"requires": true,
	"dependencies": {
		"@babel/runtime": {
			"version": "7.5.4",
			"resolved": "https://registry.npmjs.org/@babel/runtime/-/runtime-7.5.4.tgz",
			"integrity": "sha512-Na84uwyImZZc3FKf4aUF1tysApzwf3p2yuFBIyBfbzT5glzKTdvYI4KVW4kcgjrzoGUjC7w3YyCHcJKaRxsr2Q==",
			"requires": {
				"regenerator-runtime": "^0.13.2"
			},
			"dependencies": {
				"regenerator-runtime": {
					"version": "0.13.2",
					"resolved": "https://registry.npmjs.org/regenerator-runtime/-/regenerator-runtime-0.13.2.tgz",
					"integrity": "sha512-S/TQAZJO+D3m9xeN1WTI8dLKBBiRgXBlTJvbWjCThHWZj9EvHK70Ff50/tYj2J/fvBY6JtFVwRuazHN2E7M9BA=="
				}
			}
		},
		"babel-polyfill": {
			"version": "6.26.0",
			"resolved": "https://registry.npmjs.org/babel-polyfill/-/babel-polyfill-6.26.0.tgz",
			"integrity": "sha1-N5k3q8Z9eJWXCtxiHyhM2WbPIVM=",
			"dependencies": {
				"regenerator-runtime": {
					"version": "0.10.5",
					"resolved": "https://registry.npmjs.org/regenerator-runtime/-/regenerator-runtime-0.10.5.tgz",
					"integrity": "sha1-M2w+/BIgrc7dosn6tntaeVWjNlg="
				}
			}
		},
		"bootstrap": {
			"version": "4.0.0",
			"resolved": "https://registry.npmjs.org/bootstrap/-/bootstrap-4.0.0.tgz",
			"integrity": "sha512-gulJE5dGFo6Q61V/whS6VM4WIyrlydXfCgkE+Gxe5hjrJ8rXLLZlALq7zq2RPhOc45PSwQpJkrTnc2KgD6cvmA=="
		},
		"classnames": {
			"version": "2.2.5",
			"resolved": "https://registry.npmjs.org/classnames/-/classnames-2.2.5.tgz",
			"integrity": "sha1-+zgB1FNGdknvNgPH1hoCvRKb3m0="
		},
		"dotenv": {
			"version": "5.0.0",
			"resolved": "https://registry.npmjs.org/dotenv/-/dotenv-5.0.0.tgz",
			"integrity": "sha512-p4A7snaxI9Hnj3GDWhTpckHYcd9WwZDmGPcvJJV3CoRFq0Dvsp96eYgXBl9WbmbJfuxqiZ2WenNaeWSs675ghQ==",
			"dev": true
		},
		"file-exists": {
			"version": "5.0.1",
			"resolved": "https://registry.npmjs.org/file-exists/-/file-exists-5.0.1.tgz",
			"integrity": "sha512-TeBMgeKbdSsQtcY2XqKY/yTa4BciMD/Gw8YcND0XMDZt4CDj87l1Wl4x7K0ravZ80tZcyIGMD0hj2VSRPR8M8Q=="
		},
		"gatsby": {
			"version": "1.9.174",
			"resolved": "https://registry.npmjs.org/gatsby/-/gatsby-1.9.174.tgz",
			"integrity": "sha512-OFjgnmJE3jBuB3cIsobwI/JYoLWxQTevsUH/kODdMayePcwLfE9l11KxXu6W/qUEAaahs+VAoTqI8PtS0TOTTg==",
			"dependencies": {
				"dotenv": {
					"version": "4.0.0",
					"resolved": "https://registry.npmjs.org/dotenv/-/dotenv-4.0.0.tgz",
					"integrity": "sha1-hk7xN5rO1Vzm+V3r7NzhefegzR0="
				},
				"gatsby-cli": {
					"version": "1.1.33",
					"resolved": "https://registry.npmjs.org/gatsby-cli/-/gatsby-cli-1.1.33.tgz",
					"integrity": "sha512-c79Y3YfagBwgk8mLytfoJCuEtZb3C/fRD9MKXhEDWEsAQvFTtyuzQUbaoXQvjlNED2Mhp17TwOM/OmhXVT4dPw=="
				}
			}
		},
		"gatsby-image": {
			"version": "1.0.34",
			"resolved": "https://registry.npmjs.org/gatsby-image/-/gatsby-image-1.0.34.tgz",
			"integrity": "sha512-iWSYtIeyoF9dVqDodACw1phjoD3/s7apOL+jcm0AzE7/ry61DjzzRcqdpVlVFXinU6ukqYtQJcu5HaIrfwKAnA=="
		},
		"gatsby-link": {
			"version": "1.6.35",
			"resolved": "https://registry.npmjs.org/gatsby-link/-/gatsby-link-1.6.35.tgz",
			"integrity": "sha512-f4y95DyC5Ry8BWXYdyXeBedBEsBB0PPy6dt8l+0m8fnkjU5cc9ayd7plU9TuI1db5dODFF3ece4RVC7LDLLyKQ=="
		},
		"gatsby-plugin-glamor": {
			"version": "1.6.11",
			"resolved": "https://registry.npmjs.org/gatsby-plugin-glamor/-/gatsby-plugin-glamor-1.6.11.tgz",
			"integrity": "sha512-3K58ZCKvQl6P1lCDnhqWTtV9AI3LJuZeM+Mir0/WjSpzzBvW9zuaiinc0HIcRJcKTSNwvbJbBPu3HN/xd0WZ5w=="
		},
		"gatsby-plugin-google-tagmanager": {
			"version": "2.1.4",
			"resolved": "https://registry.npmjs.org/gatsby-plugin-google-tagmanager/-/gatsby-plugin-google-tagmanager-2.1.4.tgz",
			"integrity": "sha512-Hf5vRl9MZIxGYGBZw2cCbo0hPI8Yfk+uueUX+M9j7u6Ot9Hnk8evFFyBzAfyc6kZdTLJ/8in7i51Cjncy9REhA==",
			"requires": {
				"@babel/runtime": "^7.0.0"
			}
		},
		"gatsby-plugin-react-helmet": {
			"version": "2.0.3",
			"resolved": "https://registry.npmjs.org/gatsby-plugin-react-helmet/-/gatsby-plugin-react-helmet-2.0.3.tgz",
			"integrity": "sha512-PmkIElOL7jajobwRg7hjmecBWPAs5b2GpyYbBgmFNIyWpgYkHmnJtY8svZAfsjclyLmq4xGwVPTPZHzNxHNo7w=="
		},
		"gatsby-plugin-sass": {
			"version": "1.0.16",
			"resolved": "https://registry.npmjs.org/gatsby-plugin-sass/-/gatsby-plugin-sass-1.0.16.tgz",
			"integrity": "sha512-ivea74WWmQuq2TRHy5exnto89+24q+9tOUojpnqvN/SMDXgNnwHsxU46VwmjV/FH9J1ouxTuW/+mOqK1NOWNKQ=="
		},
		"gatsby-source-wordpress": {
			"version": "2.0.52",
			"resolved": "https://registry.npmjs.org/gatsby-source-wordpress/-/gatsby-source-wordpress-2.0.52.tgz",
			"integrity": "sha512-YxejvcdorfgqATtkrg0W+gDUr1sRYGfu9y5Jsfg4h7SaZlD+6FvibgFQ6awfeO9k+O35vwvK5O5enQwqITj+cQ=="
		},
		"lodash": {
			"version": "4.17.13",
			"resolved": "https://registry.npmjs.org/lodash/-/lodash-4.17.13.tgz",
			"integrity": "sha512-vm3/XWXfWtRua0FkUyEHBZy8kCPjErNBT9fJx8Zvs+U6zjqPbTUOpkaoum3O5uiA8sm+yNMHXfYkTUHFoMxFNA=="
		},
		"prettier": {
			"version": "1.10.2",
			"resolved": "https://registry.npmjs.org/prettier/-/prettier-1.10.2.tgz",
			"integrity": "sha512-TcdNoQIWFoHblurqqU6d1ysopjq7UX0oRcT/hJ8qvBAELiYWn+Ugf0AXdnzISEJ7vuhNnQ98N8jR8Sh53x4IZg==",
			"dev": true
		},
		"query-string": {
			"version": "5.1.0",
			"resolved": "https://registry.npmjs.org/query-string/-/query-string-5.1.0.tgz",
			"integrity": "sha512-F3DkxxlY0AqD/rwe4YAwjRE2HjOkKW7TxsuteyrS/Jbwrxw887PqYBL4sWUJ9D/V1hmFns0SCD6FDyvlwo9RCQ=="
		},
		"react-fontawesome": {
			"version": "1.6.1",
			"resolved": "https://registry.npmjs.org/react-fontawesome/-/react-fontawesome-1.6.1.tgz",
			"integrity": "sha1-7dzhfn3HMaoJ/UoYZoimF5OhbFw="
		},
		"react-helmet": {
			"version": "5.2.0",
			"resolved": "https://registry.npmjs.org/react-helmet/-/react-helmet-5.2.0.tgz",
			"integrity": "sha1-qBgR3yExOm1VxfBYxK66XW89l6c="
		},
		"stylelint": {
			"version": "8.4.0",
			"resolved": "https://registry.npmjs.org/stylelint/-/stylelint-8.4.0.tgz",
			"integrity": "sha512-56hPH5mTFnk8LzlEuTWq0epa34fHuS54UFYQidBOFt563RJBNi1nz1F2HK2MoT1X1waq47milvRsRahFCCJs/Q==",
			"dev": true,
			"dependencies": {
				"ansi-styles": {
					"version": "3.2.0",
					"resolved": "https://registry.npmjs.org/ansi-styles/-/ansi-styles-3.2.0.tgz",
					"integrity": "sha512-NnSOmMEYtVR2JVMIGTzynRkkaxtiq1xnFBcdQD/DnNCYPoEPsVJhM98BDyaoNOQIi7p4okdi3E27eN7GQbsUug=="
				},
				"autoprefixer": {
					"version": "7.2.5",
					"resolved": "https://registry.npmjs.org/autoprefixer/-/autoprefixer-7.2.5.tgz",
					"integrity": "sha512-XqHfo8Ht0VU+T5P+eWEVoXza456KJ4l62BPewu3vpNf3LP9s2+zYXkXBznzYby4XeECXgG3N4i+hGvOhXErZmA=="
				},
				"camelcase-keys": {
					"version": "4.2.0",
					"resolved": "https://registry.npmjs.org/camelcase-keys/-/camelcase-keys-4.2.0.tgz",
					"integrity": "sha1-oqpfsa9oh1glnDLBQUJteJI7m3c="
				},
				"chalk": {
					"version": "2.3.0",
					"resolved": "https://registry.npmjs.org/chalk/-/chalk-2.3.0.tgz",
					"integrity": "sha512-Az5zJR2CBujap2rqXGaJKaPHyJ0IrUimvYNX+ncCy8PJP4ltOGTrHUIo097ZaL2zMeKYpiCdqDvS6zdrTFok3Q==",
					"dependencies": {
						"supports-color": {
							"version": "4.5.0",
							"resolved": "https://registry.npmjs.org/supports-color/-/supports-color-4.5.0.tgz",
							"integrity": "sha1-vnoN5ITexcXN34s9WRJQRJEvY1s="
						}
					}
				},
				"debug": {
					"version": "3.1.0",
					"resolved": "https://registry.npmjs.org/debug/-/debug-3.1.0.tgz",
					"integrity": "sha512-OX8XqP7/1a9cqkxYw2yXss15f26NKWBpDXQd0/uK/KPqdQhxbPa994hnzjcE2VqQpDslf55723cKPUOGSmMY3g=="
				},
				"find-up": {
					"version": "2.1.0",
					"resolved": "https://registry.npmjs.org/find-up/-/find-up-2.1.0.tgz",
					"integrity": "sha1-RdG35QbHF93UgndaK3eSCjwMV6c="
				},
				"get-stdin": {
					"version": "5.0.1",
					"resolved": "https://registry.npmjs.org/get-stdin/-/get-stdin-5.0.1.tgz",
					"integrity": "sha1-Ei4WFZHiH/TFJTAwVpPyDmOTo5g="
				},
				"globby": {
					"version": "7.1.1",
					"resolved": "https://registry.npmjs.org/globby/-/globby-7.1.1.tgz",
					"integrity": "sha1-+yzP+UAfhgCUXfral0QMypcrhoA="
				},
				"has-flag": {
					"version": "2.0.0",
					"resolved": "https://registry.npmjs.org/has-flag/-/has-flag-2.0.0.tgz",
					"integrity": "sha1-6CB68cx7MNRGzHC3NLXovhj4jVE="
				},
				"indent-string": {
					"version": "3.2.0",
					"resolved": "https://registry.npmjs.org/indent-string/-/indent-string-3.2.0.tgz",
					"integrity": "sha1-Sl/W0nzDMvN+VBmlBNu4NxBckok="
				},
				"load-json-file": {
					"version": "4.0.0",
					"resolved": "https://registry.npmjs.org/load-json-file/-/load-json-file-4.0.0.tgz",
					"integrity": "sha1-L19Fq5HjMhYjT9U62rZo607AmTs="
				},
				"log-symbols": {
					"version": "2.2.0",
					"resolved": "https://registry.npmjs.org/log-symbols/-/log-symbols-2.2.0.tgz",
					"integrity": "sha512-VeIAFslyIerEJLXHziedo2basKbMKtTw3vfn5IzG0XTjhAVEJyNHnL2p7vc+wBDSdQuUpNw3M2u6xb9QsAY5Eg=="
				},
				"map-obj": {
					"version": "2.0.0",
					"resolved": "https://registry.npmjs.org/map-obj/-/map-obj-2.0.0.tgz",
					"integrity": "sha1-plzSkIepJZi4eRJXpSPgISIqwfk="
				},
				"meow": {
					"version": "4.0.0",
					"resolved": "https://registry.npmjs.org/meow/-/meow-4.0.0.tgz",
					"integrity": "sha512-Me/kel335m6vMKmEmA6c87Z6DUFW3JqkINRnxkbC+A/PUm0D5Fl2dEBQrPKnqCL9Te/CIa1MUt/0InMJhuC/sw=="
				},
				"minimist": {
					"version": "1.2.0",
					"resolved": "https://registry.npmjs.org/minimist/-/minimist-1.2.0.tgz",
					"integrity": "sha1-o1AIsg9BOD7sH7kU9M1d95omQoQ="
				},
				"parse-json": {
					"version": "4.0.0",
					"resolved": "https://registry.npmjs.org/parse-json/-/parse-json-4.0.0.tgz",
					"integrity": "sha1-vjX1Qlvh9/bHRxhPmKeIy5lHfuA="
				},
				"path-type": {
					"version": "3.0.0",
					"resolved": "https://registry.npmjs.org/path-type/-/path-type-3.0.0.tgz",
					"integrity": "sha512-T2ZUsdZFHgA3u4e5PfPbjd7HDDpxPnQb5jN0SrDsjNSuVXHJqtwTnWqG0B1jZrgmJ/7lj1EmVIByWt1gxGkWvg=="
				},
				"postcss": {
					"version": "6.0.16",
					"resolved": "https://registry.npmjs.org/postcss/-/postcss-6.0.16.tgz",
					"integrity": "sha512-m758RWPmSjFH/2MyyG3UOW1fgYbR9rtdzz5UNJnlm7OLtu4B2h9C6gi+bE4qFKghsBRFfZT8NzoQBs6JhLotoA=="
				},
				"postcss-reporter": {
					"version": "5.0.0",
					"resolved": "https://registry.npmjs.org/postcss-reporter/-/postcss-reporter-5.0.0.tgz",
					"integrity": "sha512-rBkDbaHAu5uywbCR2XE8a25tats3xSOsGNx6mppK6Q9kSFGKc/FyAzfci+fWM2l+K402p1D0pNcfDGxeje5IKg=="
				},
				"postcss-selector-parser": {
					"version": "3.1.1",
					"resolved": "https://registry.npmjs.org/postcss-selector-parser/-/postcss-selector-parser-3.1.1.tgz",
					"integrity": "sha1-T4dfSvsMllc9XPTXQBGu4lCn6GU="
				},
				"read-pkg": {
					"version": "3.0.0",
					"resolved": "https://registry.npmjs.org/read-pkg/-/read-pkg-3.0.0.tgz",
					"integrity": "sha1-nLxoaXj+5l0WwA4rGcI3/Pbjg4k="
				},
				"read-pkg-up": {
					"version": "3.0.0",
					"resolved": "https://registry.npmjs.org/read-pkg-up/-/read-pkg-up-3.0.0.tgz",
					"integrity": "sha1-PtSWaF26D4/hGNBpHcUfSh/5bwc="
				},
				"redent": {
					"version": "2.0.0",
					"resolved": "https://registry.npmjs.org/redent/-/redent-2.0.0.tgz",
					"integrity": "sha1-wbIAe0LVfrE4kHmzyDM2OdXhzKo="
				},
				"resolve-from": {
					"version": "4.0.0",
					"resolved": "https://registry.npmjs.org/resolve-from/-/resolve-from-4.0.0.tgz",
					"integrity": "sha512-pb/MYmXstAkysRFx8piNI1tGFNQIFA3vkE3Gq4EuA1dF6gHp/+vgZqsCGJapvy8N3Q+4o7FwvquPJcnZ7RYy4g=="
				},
				"source-map": {
					"version": "0.6.1",
					"resolved": "https://registry.npmjs.org/source-map/-/source-map-0.6.1.tgz",
					"integrity": "sha512-UjgapumWlbMhkBgzT7Ykc5YXUT46F0iKu8SGXq0bcwP5dz/h0Plj6enJqjz1Zbq2l5WaqYnrVbwWOWMyF3F47g=="
				},
				"strip-indent": {
					"version": "2.0.0",
					"resolved": "https://registry.npmjs.org/strip-indent/-/strip-indent-2.0.0.tgz",
					"integrity": "sha1-XvjbKV0B5u1sv3qrlpmNeCJSe2g="
				},
				"supports-color": {
					"version": "5.1.0",
					"resolved": "https://registry.npmjs.org/supports-color/-/supports-color-5.1.0.tgz",
					"integrity": "sha512-Ry0AwkoKjDpVKK4sV4h6o3UJmNRbjYm2uXhwfj3J56lMVdvnUNqzQVRztOOMGQ++w1K/TjNDFvpJk0F/LoeBCQ=="
				},
				"trim-newlines": {
					"version": "2.0.0",
					"resolved": "https://registry.npmjs.org/trim-newlines/-/trim-newlines-2.0.0.tgz",
					"integrity": "sha1-tAPQuRvlDDMd/EuC7s6yLD3hbSA="
				}
			}
		},
		"stylelint-config-prettier": {
			"version": "2.0.0",
			"resolved": "https://registry.npmjs.org/stylelint-config-prettier/-/stylelint-config-prettier-2.0.0.tgz",
			"integrity": "sha512-B5kiuzUOiZreh9nikOKJ9+AtH5iNpDLQbyN+oGcrflNA1M6BEgbDnI/qeCn50NoQieav/ajsmB6HU9YtIYx5SQ==",
			"dev": true
		},
		"stylelint-config-standard": {
			"version": "18.0.0",
			"resolved": "https://registry.npmjs.org/stylelint-config-standard/-/stylelint-config-standard-18.0.0.tgz",
			"integrity": "sha1-DYcrQPr9zdz0GI+1tk3bOIforvw=",
			"dev": true
		},
		"stylelint-order": {
			"version": "0.8.0",
			"resolved": "https://registry.npmjs.org/stylelint-order/-/stylelint-order-0.8.0.tgz",
			"integrity": "sha512-XwJO7rIAt/hnBJjOsDgEwNSeqw+5jE22da4pVKaePbojM9bGwhOoAWV7Q2BL8caOg81IlTesmYCEf8s0+2Cc5g==",
			"dev": true,
			"dependencies": {
				"ansi-styles": {
					"version": "3.2.0",
					"resolved": "https://registry.npmjs.org/ansi-styles/-/ansi-styles-3.2.0.tgz",
					"integrity": "sha512-NnSOmMEYtVR2JVMIGTzynRkkaxtiq1xnFBcdQD/DnNCYPoEPsVJhM98BDyaoNOQIi7p4okdi3E27eN7GQbsUug=="
				},
				"chalk": {
					"version": "2.3.0",
					"resolved": "https://registry.npmjs.org/chalk/-/chalk-2.3.0.tgz",
					"integrity": "sha512-Az5zJR2CBujap2rqXGaJKaPHyJ0IrUimvYNX+ncCy8PJP4ltOGTrHUIo097ZaL2zMeKYpiCdqDvS6zdrTFok3Q==",
					"dependencies": {
						"supports-color": {
							"version": "4.5.0",
							"resolved": "https://registry.npmjs.org/supports-color/-/supports-color-4.5.0.tgz",
							"integrity": "sha1-vnoN5ITexcXN34s9WRJQRJEvY1s="
						}
					}
				},
				"has-flag": {
					"version": "2.0.0",
					"resolved": "https://registry.npmjs.org/has-flag/-/has-flag-2.0.0.tgz",
					"integrity": "sha1-6CB68cx7MNRGzHC3NLXovhj4jVE="
				},
				"postcss": {
					"version": "6.0.16",
					"resolved": "https://registry.npmjs.org/postcss/-/postcss-6.0.16.tgz",
					"integrity": "sha512-m758RWPmSjFH/2MyyG3UOW1fgYbR9rtdzz5UNJnlm7OLtu4B2h9C6gi+bE4qFKghsBRFfZT8NzoQBs6JhLotoA=="
				},
				"source-map": {
					"version": "0.6.1",
					"resolved": "https://registry.npmjs.org/source-map/-/source-map-0.6.1.tgz",
					"integrity": "sha512-UjgapumWlbMhkBgzT7Ykc5YXUT46F0iKu8SGXq0bcwP5dz/h0Plj6enJqjz1Zbq2l5WaqYnrVbwWOWMyF3F47g=="
				},
				"supports-color": {
					"version": "5.1.0",
					"resolved": "https://registry.npmjs.org/supports-color/-/supports-color-5.1.0.tgz",
					"integrity": "sha512-Ry0AwkoKjDpVKK4sV4h6o3UJmNRbjYm2uXhwfj3J56lMVdvnUNqzQVRztOOMGQ++w1K/TjNDFvpJk0F/LoeBCQ=="
				}
			}
		},
		"whatwg-fetch": {
			"version": "2.0.3",
			"resolved": "https://registry.npmjs.org/whatwg-fetch/-/whatwg-fetch-2.0.3.tgz",
			"integrity": "sha1-nITsLc9oGH/wC8ZOEnS0QhduHIQ="
		}
	}
}
